// !$*UTF8*$!
{
	archiveVersion = 1;
	classes = {
	};
	objectVersion = 55;
	objects = {

/* Begin PBXBuildFile section */
		114E8053279DD30B00C66CD4 /* AppDelegate.swift in Sources */ = {isa = PBXBuildFile; fileRef = 114E8052279DD30B00C66CD4 /* AppDelegate.swift */; };
		114E8055279DD30B00C66CD4 /* SceneDelegate.swift in Sources */ = {isa = PBXBuildFile; fileRef = 114E8054279DD30B00C66CD4 /* SceneDelegate.swift */; };
		114E8057279DD30B00C66CD4 /* WeatherListViewController.swift in Sources */ = {isa = PBXBuildFile; fileRef = 114E8056279DD30B00C66CD4 /* WeatherListViewController.swift */; };
		114E805A279DD30B00C66CD4 /* Main.storyboard in Resources */ = {isa = PBXBuildFile; fileRef = 114E8058279DD30B00C66CD4 /* Main.storyboard */; };
		114E805C279DD30C00C66CD4 /* Assets.xcassets in Resources */ = {isa = PBXBuildFile; fileRef = 114E805B279DD30C00C66CD4 /* Assets.xcassets */; };
		114E805F279DD30C00C66CD4 /* LaunchScreen.storyboard in Resources */ = {isa = PBXBuildFile; fileRef = 114E805D279DD30C00C66CD4 /* LaunchScreen.storyboard */; };
		114E8067279DD6C000C66CD4 /* UIView + Constraints.swift.swift in Sources */ = {isa = PBXBuildFile; fileRef = 114E8066279DD6C000C66CD4 /* UIView + Constraints.swift.swift */; };
		1150D01C27DE40A90056341D /* AddCityAllert.swift in Sources */ = {isa = PBXBuildFile; fileRef = 1150D01B27DE40A90056341D /* AddCityAllert.swift */; };
		1150D02127DE7DEB0056341D /* WeatherTempForecastCollectionViewCell.swift in Sources */ = {isa = PBXBuildFile; fileRef = 1150D02027DE7DEB0056341D /* WeatherTempForecastCollectionViewCell.swift */; };
		1150D02327DE90790056341D /* GetCityCoordinate.swift in Sources */ = {isa = PBXBuildFile; fileRef = 1150D02227DE90790056341D /* GetCityCoordinate.swift */; };
		1157244D27CBC3E0001E8B6D /* WeatherMainViewController.swift in Sources */ = {isa = PBXBuildFile; fileRef = 1157244C27CBC3E0001E8B6D /* WeatherMainViewController.swift */; };
		1157244F27CBCA1C001E8B6D /* NetworkService.swift in Sources */ = {isa = PBXBuildFile; fileRef = 1157244E27CBCA1C001E8B6D /* NetworkService.swift */; };
		1157245227CBD4EB001E8B6D /* WeatherResponse.swift in Sources */ = {isa = PBXBuildFile; fileRef = 1157245127CBD4EB001E8B6D /* WeatherResponse.swift */; };
		1157245927CBF66F001E8B6D /* NetworkError.swift in Sources */ = {isa = PBXBuildFile; fileRef = 1157245827CBF66F001E8B6D /* NetworkError.swift */; };
		1157245B27CBFB8B001E8B6D /* URL + Extensions.swift in Sources */ = {isa = PBXBuildFile; fileRef = 1157245A27CBFB8B001E8B6D /* URL + Extensions.swift */; };
		116DA16A27C6A98600D276B2 /* CityCollectionViewCell.swift in Sources */ = {isa = PBXBuildFile; fileRef = 116DA16927C6A98600D276B2 /* CityCollectionViewCell.swift */; };
		11D2828F27DF1C0F005BB927 /* String + Extensions.swift in Sources */ = {isa = PBXBuildFile; fileRef = 11D2828E27DF1C0F005BB927 /* String + Extensions.swift */; };
		11D2829427DF9277005BB927 /* DaysTempTableViewCell.swift in Sources */ = {isa = PBXBuildFile; fileRef = 11D2829327DF9277005BB927 /* DaysTempTableViewCell.swift */; };
/* End PBXBuildFile section */

/* Begin PBXFileReference section */
		114E804F279DD30B00C66CD4 /* myWeatherApp.app */ = {isa = PBXFileReference; explicitFileType = wrapper.application; includeInIndex = 0; path = myWeatherApp.app; sourceTree = BUILT_PRODUCTS_DIR; };
		114E8052279DD30B00C66CD4 /* AppDelegate.swift */ = {isa = PBXFileReference; lastKnownFileType = sourcecode.swift; path = AppDelegate.swift; sourceTree = "<group>"; };
		114E8054279DD30B00C66CD4 /* SceneDelegate.swift */ = {isa = PBXFileReference; lastKnownFileType = sourcecode.swift; path = SceneDelegate.swift; sourceTree = "<group>"; };
		114E8056279DD30B00C66CD4 /* WeatherListViewController.swift */ = {isa = PBXFileReference; lastKnownFileType = sourcecode.swift; path = WeatherListViewController.swift; sourceTree = "<group>"; };
		114E8059279DD30B00C66CD4 /* Base */ = {isa = PBXFileReference; lastKnownFileType = file.storyboard; name = Base; path = Base.lproj/Main.storyboard; sourceTree = "<group>"; };
		114E805B279DD30C00C66CD4 /* Assets.xcassets */ = {isa = PBXFileReference; lastKnownFileType = folder.assetcatalog; path = Assets.xcassets; sourceTree = "<group>"; };
		114E805E279DD30C00C66CD4 /* Base */ = {isa = PBXFileReference; lastKnownFileType = file.storyboard; name = Base; path = Base.lproj/LaunchScreen.storyboard; sourceTree = "<group>"; };
		114E8060279DD30C00C66CD4 /* Info.plist */ = {isa = PBXFileReference; lastKnownFileType = text.plist.xml; path = Info.plist; sourceTree = "<group>"; };
		114E8066279DD6C000C66CD4 /* UIView + Constraints.swift.swift */ = {isa = PBXFileReference; lastKnownFileType = sourcecode.swift; path = "UIView + Constraints.swift.swift"; sourceTree = "<group>"; };
		1150D01B27DE40A90056341D /* AddCityAllert.swift */ = {isa = PBXFileReference; lastKnownFileType = sourcecode.swift; path = AddCityAllert.swift; sourceTree = "<group>"; };
		1150D02027DE7DEB0056341D /* WeatherTempForecastCollectionViewCell.swift */ = {isa = PBXFileReference; lastKnownFileType = sourcecode.swift; path = WeatherTempForecastCollectionViewCell.swift; sourceTree = "<group>"; };
		1150D02227DE90790056341D /* GetCityCoordinate.swift */ = {isa = PBXFileReference; lastKnownFileType = sourcecode.swift; path = GetCityCoordinate.swift; sourceTree = "<group>"; };
		1157244C27CBC3E0001E8B6D /* WeatherMainViewController.swift */ = {isa = PBXFileReference; lastKnownFileType = sourcecode.swift; path = WeatherMainViewController.swift; sourceTree = "<group>"; };
		1157244E27CBCA1C001E8B6D /* NetworkService.swift */ = {isa = PBXFileReference; lastKnownFileType = sourcecode.swift; path = NetworkService.swift; sourceTree = "<group>"; };
		1157245127CBD4EB001E8B6D /* WeatherResponse.swift */ = {isa = PBXFileReference; lastKnownFileType = sourcecode.swift; path = WeatherResponse.swift; sourceTree = "<group>"; };
		1157245827CBF66F001E8B6D /* NetworkError.swift */ = {isa = PBXFileReference; lastKnownFileType = sourcecode.swift; path = NetworkError.swift; sourceTree = "<group>"; };
		1157245A27CBFB8B001E8B6D /* URL + Extensions.swift */ = {isa = PBXFileReference; lastKnownFileType = sourcecode.swift; path = "URL + Extensions.swift"; sourceTree = "<group>"; };
		116DA16927C6A98600D276B2 /* CityCollectionViewCell.swift */ = {isa = PBXFileReference; lastKnownFileType = sourcecode.swift; path = CityCollectionViewCell.swift; sourceTree = "<group>"; };
		11D2828E27DF1C0F005BB927 /* String + Extensions.swift */ = {isa = PBXFileReference; lastKnownFileType = sourcecode.swift; path = "String + Extensions.swift"; sourceTree = "<group>"; };
		11D2829327DF9277005BB927 /* DaysTempTableViewCell.swift */ = {isa = PBXFileReference; lastKnownFileType = sourcecode.swift; path = DaysTempTableViewCell.swift; sourceTree = "<group>"; };
/* End PBXFileReference section */

/* Begin PBXFrameworksBuildPhase section */
		114E804C279DD30B00C66CD4 /* Frameworks */ = {
			isa = PBXFrameworksBuildPhase;
			buildActionMask = 2147483647;
			files = (
			);
			runOnlyForDeploymentPostprocessing = 0;
		};
/* End PBXFrameworksBuildPhase section */

/* Begin PBXGroup section */
		114E8046279DD30B00C66CD4 = {
			isa = PBXGroup;
			children = (
				114E8051279DD30B00C66CD4 /* myWeatherApp */,
				114E8050279DD30B00C66CD4 /* Products */,
			);
			sourceTree = "<group>";
		};
		114E8050279DD30B00C66CD4 /* Products */ = {
			isa = PBXGroup;
			children = (
				114E804F279DD30B00C66CD4 /* myWeatherApp.app */,
			);
			name = Products;
			sourceTree = "<group>";
		};
		114E8051279DD30B00C66CD4 /* myWeatherApp */ = {
			isa = PBXGroup;
			children = (
				114E8068279DDB5D00C66CD4 /* Extensions */,
				114E8069279DDFF000C66CD4 /* Models */,
				1157245027CBD4C6001E8B6D /* Network */,
				11D2829027DF7EFE005BB927 /* ViewControllers */,
				1150D01B27DE40A90056341D /* AddCityAllert.swift */,
				114E8052279DD30B00C66CD4 /* AppDelegate.swift */,
				114E8054279DD30B00C66CD4 /* SceneDelegate.swift */,
				114E8058279DD30B00C66CD4 /* Main.storyboard */,
				114E805B279DD30C00C66CD4 /* Assets.xcassets */,
				114E805D279DD30C00C66CD4 /* LaunchScreen.storyboard */,
				114E8060279DD30C00C66CD4 /* Info.plist */,
			);
			path = myWeatherApp;
			sourceTree = "<group>";
		};
		114E8068279DDB5D00C66CD4 /* Extensions */ = {
			isa = PBXGroup;
			children = (
				1157245A27CBFB8B001E8B6D /* URL + Extensions.swift */,
				114E8066279DD6C000C66CD4 /* UIView + Constraints.swift.swift */,
				11D2828E27DF1C0F005BB927 /* String + Extensions.swift */,
			);
			path = Extensions;
			sourceTree = "<group>";
		};
		114E8069279DDFF000C66CD4 /* Models */ = {
			isa = PBXGroup;
			children = (
				1157245127CBD4EB001E8B6D /* WeatherResponse.swift */,
			);
			path = Models;
			sourceTree = "<group>";
		};
		1157245027CBD4C6001E8B6D /* Network */ = {
			isa = PBXGroup;
			children = (
				1157244E27CBCA1C001E8B6D /* NetworkService.swift */,
				1150D02227DE90790056341D /* GetCityCoordinate.swift */,
				1157245827CBF66F001E8B6D /* NetworkError.swift */,
			);
			path = Network;
			sourceTree = "<group>";
		};
		11D2829027DF7EFE005BB927 /* ViewControllers */ = {
			isa = PBXGroup;
			children = (
				11D2829127DF7F14005BB927 /* WeatherList */,
				11D2829227DF7F23005BB927 /* DetaileвWeather */,
			);
			path = ViewControllers;
			sourceTree = "<group>";
		};
		11D2829127DF7F14005BB927 /* WeatherList */ = {
			isa = PBXGroup;
			children = (
				114E8056279DD30B00C66CD4 /* WeatherListViewController.swift */,
				116DA16927C6A98600D276B2 /* CityCollectionViewCell.swift */,
			);
			path = WeatherList;
			sourceTree = "<group>";
		};
		11D2829227DF7F23005BB927 /* DetaileвWeather */ = {
			isa = PBXGroup;
			children = (
				1157244C27CBC3E0001E8B6D /* WeatherMainViewController.swift */,
				1150D02027DE7DEB0056341D /* WeatherTempForecastCollectionViewCell.swift */,
				11D2829327DF9277005BB927 /* DaysTempTableViewCell.swift */,
			);
			path = "DetaileвWeather";
			sourceTree = "<group>";
		};
/* End PBXGroup section */

/* Begin PBXNativeTarget section */
		114E804E279DD30B00C66CD4 /* myWeatherApp */ = {
			isa = PBXNativeTarget;
			buildConfigurationList = 114E8063279DD30C00C66CD4 /* Build configuration list for PBXNativeTarget "myWeatherApp" */;
			buildPhases = (
				114E804B279DD30B00C66CD4 /* Sources */,
				114E804C279DD30B00C66CD4 /* Frameworks */,
				114E804D279DD30B00C66CD4 /* Resources */,
			);
			buildRules = (
			);
			dependencies = (
			);
			name = myWeatherApp;
			productName = myWeatherApp;
			productReference = 114E804F279DD30B00C66CD4 /* myWeatherApp.app */;
			productType = "com.apple.product-type.application";
		};
/* End PBXNativeTarget section */

/* Begin PBXProject section */
		114E8047279DD30B00C66CD4 /* Project object */ = {
			isa = PBXProject;
			attributes = {
				BuildIndependentTargetsInParallel = 1;
				LastSwiftUpdateCheck = 1320;
				LastUpgradeCheck = 1320;
				TargetAttributes = {
					114E804E279DD30B00C66CD4 = {
						CreatedOnToolsVersion = 13.2.1;
					};
				};
			};
			buildConfigurationList = 114E804A279DD30B00C66CD4 /* Build configuration list for PBXProject "myWeatherApp" */;
			compatibilityVersion = "Xcode 13.0";
			developmentRegion = en;
			hasScannedForEncodings = 0;
			knownRegions = (
				en,
				Base,
			);
			mainGroup = 114E8046279DD30B00C66CD4;
			productRefGroup = 114E8050279DD30B00C66CD4 /* Products */;
			projectDirPath = "";
			projectRoot = "";
			targets = (
				114E804E279DD30B00C66CD4 /* myWeatherApp */,
			);
		};
/* End PBXProject section */

/* Begin PBXResourcesBuildPhase section */
		114E804D279DD30B00C66CD4 /* Resources */ = {
			isa = PBXResourcesBuildPhase;
			buildActionMask = 2147483647;
			files = (
				114E805F279DD30C00C66CD4 /* LaunchScreen.storyboard in Resources */,
				114E805C279DD30C00C66CD4 /* Assets.xcassets in Resources */,
				114E805A279DD30B00C66CD4 /* Main.storyboard in Resources */,
			);
			runOnlyForDeploymentPostprocessing = 0;
		};
/* End PBXResourcesBuildPhase section */

/* Begin PBXSourcesBuildPhase section */
		114E804B279DD30B00C66CD4 /* Sources */ = {
			isa = PBXSourcesBuildPhase;
			buildActionMask = 2147483647;
			files = (
				1150D02327DE90790056341D /* GetCityCoordinate.swift in Sources */,
				116DA16A27C6A98600D276B2 /* CityCollectionViewCell.swift in Sources */,
				11D2829427DF9277005BB927 /* DaysTempTableViewCell.swift in Sources */,
				1150D02127DE7DEB0056341D /* WeatherTempForecastCollectionViewCell.swift in Sources */,
				114E8067279DD6C000C66CD4 /* UIView + Constraints.swift.swift in Sources */,
				114E8057279DD30B00C66CD4 /* WeatherListViewController.swift in Sources */,
				114E8053279DD30B00C66CD4 /* AppDelegate.swift in Sources */,
				11D2828F27DF1C0F005BB927 /* String + Extensions.swift in Sources */,
				1150D01C27DE40A90056341D /* AddCityAllert.swift in Sources */,
				1157244D27CBC3E0001E8B6D /* WeatherMainViewController.swift in Sources */,
				114E8055279DD30B00C66CD4 /* SceneDelegate.swift in Sources */,
				1157244F27CBCA1C001E8B6D /* NetworkService.swift in Sources */,
				1157245927CBF66F001E8B6D /* NetworkError.swift in Sources */,
				1157245227CBD4EB001E8B6D /* WeatherResponse.swift in Sources */,
				1157245B27CBFB8B001E8B6D /* URL + Extensions.swift in Sources */,
			);
			runOnlyForDeploymentPostprocessing = 0;
		};
/* End PBXSourcesBuildPhase section */

/* Begin PBXVariantGroup section */
		114E8058279DD30B00C66CD4 /* Main.storyboard */ = {
			isa = PBXVariantGroup;
			children = (
				114E8059279DD30B00C66CD4 /* Base */,
			);
			name = Main.storyboard;
			sourceTree = "<group>";
		};
		114E805D279DD30C00C66CD4 /* LaunchScreen.storyboard */ = {
			isa = PBXVariantGroup;
			children = (
				114E805E279DD30C00C66CD4 /* Base */,
			);
			name = LaunchScreen.storyboard;
			sourceTree = "<group>";
		};
/* End PBXVariantGroup section */

/* Begin XCBuildConfiguration section */
		114E8061279DD30C00C66CD4 /* Debug */ = {
			isa = XCBuildConfiguration;
			buildSettings = {
				ALWAYS_SEARCH_USER_PATHS = NO;
				CLANG_ANALYZER_NONNULL = YES;
				CLANG_ANALYZER_NUMBER_OBJECT_CONVERSION = YES_AGGRESSIVE;
				CLANG_CXX_LANGUAGE_STANDARD = "gnu++17";
				CLANG_CXX_LIBRARY = "libc++";
				CLANG_ENABLE_MODULES = YES;
				CLANG_ENABLE_OBJC_ARC = YES;
				CLANG_ENABLE_OBJC_WEAK = YES;
				CLANG_WARN_BLOCK_CAPTURE_AUTORELEASING = YES;
				CLANG_WARN_BOOL_CONVERSION = YES;
				CLANG_WARN_COMMA = YES;
				CLANG_WARN_CONSTANT_CONVERSION = YES;
				CLANG_WARN_DEPRECATED_OBJC_IMPLEMENTATIONS = YES;
				CLANG_WARN_DIRECT_OBJC_ISA_USAGE = YES_ERROR;
				CLANG_WARN_DOCUMENTATION_COMMENTS = YES;
				CLANG_WARN_EMPTY_BODY = YES;
				CLANG_WARN_ENUM_CONVERSION = YES;
				CLANG_WARN_INFINITE_RECURSION = YES;
				CLANG_WARN_INT_CONVERSION = YES;
				CLANG_WARN_NON_LITERAL_NULL_CONVERSION = YES;
				CLANG_WARN_OBJC_IMPLICIT_RETAIN_SELF = YES;
				CLANG_WARN_OBJC_LITERAL_CONVERSION = YES;
				CLANG_WARN_OBJC_ROOT_CLASS = YES_ERROR;
				CLANG_WARN_QUOTED_INCLUDE_IN_FRAMEWORK_HEADER = YES;
				CLANG_WARN_RANGE_LOOP_ANALYSIS = YES;
				CLANG_WARN_STRICT_PROTOTYPES = YES;
				CLANG_WARN_SUSPICIOUS_MOVE = YES;
				CLANG_WARN_UNGUARDED_AVAILABILITY = YES_AGGRESSIVE;
				CLANG_WARN_UNREACHABLE_CODE = YES;
				CLANG_WARN__DUPLICATE_METHOD_MATCH = YES;
				COPY_PHASE_STRIP = NO;
				DEBUG_INFORMATION_FORMAT = dwarf;
				ENABLE_STRICT_OBJC_MSGSEND = YES;
				ENABLE_TESTABILITY = YES;
				GCC_C_LANGUAGE_STANDARD = gnu11;
				GCC_DYNAMIC_NO_PIC = NO;
				GCC_NO_COMMON_BLOCKS = YES;
				GCC_OPTIMIZATION_LEVEL = 0;
				GCC_PREPROCESSOR_DEFINITIONS = (
					"DEBUG=1",
					"$(inherited)",
				);
				GCC_WARN_64_TO_32_BIT_CONVERSION = YES;
				GCC_WARN_ABOUT_RETURN_TYPE = YES_ERROR;
				GCC_WARN_UNDECLARED_SELECTOR = YES;
				GCC_WARN_UNINITIALIZED_AUTOS = YES_AGGRESSIVE;
				GCC_WARN_UNUSED_FUNCTION = YES;
				GCC_WARN_UNUSED_VARIABLE = YES;
				IPHONEOS_DEPLOYMENT_TARGET = 15.2;
				MTL_ENABLE_DEBUG_INFO = INCLUDE_SOURCE;
				MTL_FAST_MATH = YES;
				ONLY_ACTIVE_ARCH = YES;
				SDKROOT = iphoneos;
				SWIFT_ACTIVE_COMPILATION_CONDITIONS = DEBUG;
				SWIFT_OPTIMIZATION_LEVEL = "-Onone";
			};
			name = Debug;
		};
		114E8062279DD30C00C66CD4 /* Release */ = {
			isa = XCBuildConfiguration;
			buildSettings = {
				ALWAYS_SEARCH_USER_PATHS = NO;
				CLANG_ANALYZER_NONNULL = YES;
				CLANG_ANALYZER_NUMBER_OBJECT_CONVERSION = YES_AGGRESSIVE;
				CLANG_CXX_LANGUAGE_STANDARD = "gnu++17";
				CLANG_CXX_LIBRARY = "libc++";
				CLANG_ENABLE_MODULES = YES;
				CLANG_ENABLE_OBJC_ARC = YES;
				CLANG_ENABLE_OBJC_WEAK = YES;
				CLANG_WARN_BLOCK_CAPTURE_AUTORELEASING = YES;
				CLANG_WARN_BOOL_CONVERSION = YES;
				CLANG_WARN_COMMA = YES;
				CLANG_WARN_CONSTANT_CONVERSION = YES;
				CLANG_WARN_DEPRECATED_OBJC_IMPLEMENTATIONS = YES;
				CLANG_WARN_DIRECT_OBJC_ISA_USAGE = YES_ERROR;
				CLANG_WARN_DOCUMENTATION_COMMENTS = YES;
				CLANG_WARN_EMPTY_BODY = YES;
				CLANG_WARN_ENUM_CONVERSION = YES;
				CLANG_WARN_INFINITE_RECURSION = YES;
				CLANG_WARN_INT_CONVERSION = YES;
				CLANG_WARN_NON_LITERAL_NULL_CONVERSION = YES;
				CLANG_WARN_OBJC_IMPLICIT_RETAIN_SELF = YES;
				CLANG_WARN_OBJC_LITERAL_CONVERSION = YES;
				CLANG_WARN_OBJC_ROOT_CLASS = YES_ERROR;
				CLANG_WARN_QUOTED_INCLUDE_IN_FRAMEWORK_HEADER = YES;
				CLANG_WARN_RANGE_LOOP_ANALYSIS = YES;
				CLANG_WARN_STRICT_PROTOTYPES = YES;
				CLANG_WARN_SUSPICIOUS_MOVE = YES;
				CLANG_WARN_UNGUARDED_AVAILABILITY = YES_AGGRESSIVE;
				CLANG_WARN_UNREACHABLE_CODE = YES;
				CLANG_WARN__DUPLICATE_METHOD_MATCH = YES;
				COPY_PHASE_STRIP = NO;
				DEBUG_INFORMATION_FORMAT = "dwarf-with-dsym";
				ENABLE_NS_ASSERTIONS = NO;
				ENABLE_STRICT_OBJC_MSGSEND = YES;
				GCC_C_LANGUAGE_STANDARD = gnu11;
				GCC_NO_COMMON_BLOCKS = YES;
				GCC_WARN_64_TO_32_BIT_CONVERSION = YES;
				GCC_WARN_ABOUT_RETURN_TYPE = YES_ERROR;
				GCC_WARN_UNDECLARED_SELECTOR = YES;
				GCC_WARN_UNINITIALIZED_AUTOS = YES_AGGRESSIVE;
				GCC_WARN_UNUSED_FUNCTION = YES;
				GCC_WARN_UNUSED_VARIABLE = YES;
				IPHONEOS_DEPLOYMENT_TARGET = 15.2;
				MTL_ENABLE_DEBUG_INFO = NO;
				MTL_FAST_MATH = YES;
				SDKROOT = iphoneos;
				SWIFT_COMPILATION_MODE = wholemodule;
				SWIFT_OPTIMIZATION_LEVEL = "-O";
				VALIDATE_PRODUCT = YES;
			};
			name = Release;
		};
		114E8064279DD30C00C66CD4 /* Debug */ = {
			isa = XCBuildConfiguration;
			buildSettings = {
				ASSETCATALOG_COMPILER_APPICON_NAME = AppIcon;
				ASSETCATALOG_COMPILER_GLOBAL_ACCENT_COLOR_NAME = AccentColor;
				CODE_SIGN_STYLE = Automatic;
				CURRENT_PROJECT_VERSION = 1;
				GENERATE_INFOPLIST_FILE = YES;
				INFOPLIST_FILE = myWeatherApp/Info.plist;
				INFOPLIST_KEY_UIApplicationSupportsIndirectInputEvents = YES;
				INFOPLIST_KEY_UILaunchStoryboardName = LaunchScreen;
				INFOPLIST_KEY_UIMainStoryboardFile = Main;
				INFOPLIST_KEY_UISupportedInterfaceOrientations_iPad = "UIInterfaceOrientationPortrait UIInterfaceOrientationPortraitUpsideDown UIInterfaceOrientationLandscapeLeft UIInterfaceOrientationLandscapeRight";
				INFOPLIST_KEY_UISupportedInterfaceOrientations_iPhone = "UIInterfaceOrientationPortrait UIInterfaceOrientationLandscapeLeft UIInterfaceOrientationLandscapeRight";
				LD_RUNPATH_SEARCH_PATHS = (
					"$(inherited)",
					"@executable_path/Frameworks",
				);
				MARKETING_VERSION = 1.0;
				PRODUCT_BUNDLE_IDENTIFIER = teachmeskills.myWeatherApp;
				PRODUCT_NAME = "$(TARGET_NAME)";
				SWIFT_EMIT_LOC_STRINGS = YES;
				SWIFT_VERSION = 5.0;
				TARGETED_DEVICE_FAMILY = "1,2";
			};
			name = Debug;
		};
		114E8065279DD30C00C66CD4 /* Release */ = {
			isa = XCBuildConfiguration;
			buildSettings = {
				ASSETCATALOG_COMPILER_APPICON_NAME = AppIcon;
				ASSETCATALOG_COMPILER_GLOBAL_ACCENT_COLOR_NAME = AccentColor;
				CODE_SIGN_STYLE = Automatic;
				CURRENT_PROJECT_VERSION = 1;
				GENERATE_INFOPLIST_FILE = YES;
				INFOPLIST_FILE = myWeatherApp/Info.plist;
				INFOPLIST_KEY_UIApplicationSupportsIndirectInputEvents = YES;
				INFOPLIST_KEY_UILaunchStoryboardName = LaunchScreen;
				INFOPLIST_KEY_UIMainStoryboardFile = Main;
				INFOPLIST_KEY_UISupportedInterfaceOrientations_iPad = "UIInterfaceOrientationPortrait UIInterfaceOrientationPortraitUpsideDown UIInterfaceOrientationLandscapeLeft UIInterfaceOrientationLandscapeRight";
				INFOPLIST_KEY_UISupportedInterfaceOrientations_iPhone = "UIInterfaceOrientationPortrait UIInterfaceOrientationLandscapeLeft UIInterfaceOrientationLandscapeRight";
				LD_RUNPATH_SEARCH_PATHS = (
					"$(inherited)",
					"@executable_path/Frameworks",
				);
				MARKETING_VERSION = 1.0;
				PRODUCT_BUNDLE_IDENTIFIER = teachmeskills.myWeatherApp;
				PRODUCT_NAME = "$(TARGET_NAME)";
				SWIFT_EMIT_LOC_STRINGS = YES;
				SWIFT_VERSION = 5.0;
				TARGETED_DEVICE_FAMILY = "1,2";
			};
			name = Release;
		};
/* End XCBuildConfiguration section */

/* Begin XCConfigurationList section */
		114E804A279DD30B00C66CD4 /* Build configuration list for PBXProject "myWeatherApp" */ = {
			isa = XCConfigurationList;
			buildConfigurations = (
				114E8061279DD30C00C66CD4 /* Debug */,
				114E8062279DD30C00C66CD4 /* Release */,
			);
			defaultConfigurationIsVisible = 0;
			defaultConfigurationName = Release;
		};
		114E8063279DD30C00C66CD4 /* Build configuration list for PBXNativeTarget "myWeatherApp" */ = {
			isa = XCConfigurationList;
			buildConfigurations = (
				114E8064279DD30C00C66CD4 /* Debug */,
				114E8065279DD30C00C66CD4 /* Release */,
			);
			defaultConfigurationIsVisible = 0;
			defaultConfigurationName = Release;
		};
/* End XCConfigurationList section */
	};
	rootObject = 114E8047279DD30B00C66CD4 /* Project object */;
}
